
Microsoft Visual Studio Solution File, Format Version 12.00
# Visual Studio Version 16
VisualStudioVersion = 16.0.29806.167
MinimumVisualStudioVersion = 10.0.40219.1
Project("{FAE04EC0-301F-11D3-BF4B-00C04F79EFBC}") = "GeneticbinPackingSolver", "GeneticbinPackingSolver\GeneticbinPackingSolver.csproj", "{04798A04-D340-40B5-BC2B-4DDF7F5E7814}"
EndProject
Global
	GlobalSection(SolutionConfigurationPlatforms) = preSolution
		Debug|Any CPU = Debug|Any CPU
		Release|Any CPU = Release|Any CPU
	EndGlobalSection
	GlobalSection(ProjectConfigurationPlatforms) = postSolution
		{04798A04-D340-40B5-BC2B-4DDF7F5E7814}.Debug|Any CPU.ActiveCfg = Debug|Any CPU
		{04798A04-D340-40B5-BC2B-4DDF7F5E7814}.Debug|Any CPU.Build.0 = Debug|Any CPU
		{04798A04-D340-40B5-BC2B-4DDF7F5E7814}.Release|Any CPU.ActiveCfg = Release|Any CPU
		{04798A04-D340-40B5-BC2B-4DDF7F5E7814}.Release|Any CPU.Build.0 = Release|Any CPU
	EndGlobalSection
	GlobalSection(SolutionProperties) = preSolution
		HideSolutionNode = FALSE
	EndGlobalSection
	GlobalSection(ExtensibilityGlobals) = postSolution
		SolutionGuid = {4AE25C85-C061-4D09-BE59-880777AD64F9}
	EndGlobalSection
EndGlobal
