
Microsoft Visual Studio Solution File, Format Version 12.00
# Visual Studio Version 16
VisualStudioVersion = 16.0.29806.167
MinimumVisualStudioVersion = 10.0.40219.1
Project("{FAE04EC0-301F-11D3-BF4B-00C04F79EFBC}") = "classy statistics", "classy statistics\classy statistics.csproj", "{CD22C95B-67EF-48CD-8708-AE84B517F7A0}"
EndProject
Global
	GlobalSection(SolutionConfigurationPlatforms) = preSolution
		Debug|Any CPU = Debug|Any CPU
		Release|Any CPU = Release|Any CPU
	EndGlobalSection
	GlobalSection(ProjectConfigurationPlatforms) = postSolution
		{CD22C95B-67EF-48CD-8708-AE84B517F7A0}.Debug|Any CPU.ActiveCfg = Debug|Any CPU
		{CD22C95B-67EF-48CD-8708-AE84B517F7A0}.Debug|Any CPU.Build.0 = Debug|Any CPU
		{CD22C95B-67EF-48CD-8708-AE84B517F7A0}.Release|Any CPU.ActiveCfg = Release|Any CPU
		{CD22C95B-67EF-48CD-8708-AE84B517F7A0}.Release|Any CPU.Build.0 = Release|Any CPU
	EndGlobalSection
	GlobalSection(SolutionProperties) = preSolution
		HideSolutionNode = FALSE
	EndGlobalSection
	GlobalSection(ExtensibilityGlobals) = postSolution
		SolutionGuid = {35E82644-8AA1-4BEC-8664-3619120104D7}
	EndGlobalSection
EndGlobal
